
Microsoft Visual Studio Solution File, Format Version 12.00
# Visual Studio Version 17
VisualStudioVersion = 17.14.37012.4 d17.14
MinimumVisualStudioVersion = 10.0.40219.1
Project("{FAE04EC0-301F-11D3-BF4B-00C04F79EFBC}") = "SchedulingService", "SchedulingService.csproj", "{B9E73AAC-7323-475E-B09D-F9DA88656A2F}"
EndProject
Global
	GlobalSection(SolutionConfigurationPlatforms) = preSolution
		Debug|Any CPU = Debug|Any CPU
		Release|Any CPU = Release|Any CPU
	EndGlobalSection
	GlobalSection(ProjectConfigurationPlatforms) = postSolution
		{B9E73AAC-7323-475E-B09D-F9DA88656A2F}.Debug|Any CPU.ActiveCfg = Debug|Any CPU
		{B9E73AAC-7323-475E-B09D-F9DA88656A2F}.Debug|Any CPU.Build.0 = Debug|Any CPU
		{B9E73AAC-7323-475E-B09D-F9DA88656A2F}.Release|Any CPU.ActiveCfg = Release|Any CPU
		{B9E73AAC-7323-475E-B09D-F9DA88656A2F}.Release|Any CPU.Build.0 = Release|Any CPU
	EndGlobalSection
	GlobalSection(SolutionProperties) = preSolution
		HideSolutionNode = FALSE
	EndGlobalSection
	GlobalSection(ExtensibilityGlobals) = postSolution
		SolutionGuid = {E0AC0C55-4208-46C9-AD95-3DF3BDEB960E}
	EndGlobalSection
EndGlobal
